
Microsoft Visual Studio Solution File, Format Version 12.00
# Visual Studio Version 17
VisualStudioVersion = 17.11.35303.130
MinimumVisualStudioVersion = 10.0.40219.1
Project("{FAE04EC0-301F-11D3-BF4B-00C04F79EFBC}") = "WindowsFormsApp1", "WindowsFormsApp1\WindowsFormsApp1.csproj", "{1A0A2D53-A0E9-4C43-86E1-23B7E17032CD}"
EndProject
Global
	GlobalSection(SolutionConfigurationPlatforms) = preSolution
		Debug|Any CPU = Debug|Any CPU
		Release|Any CPU = Release|Any CPU
	EndGlobalSection
	GlobalSection(ProjectConfigurationPlatforms) = postSolution
		{1A0A2D53-A0E9-4C43-86E1-23B7E17032CD}.Debug|Any CPU.ActiveCfg = Debug|Any CPU
		{1A0A2D53-A0E9-4C43-86E1-23B7E17032CD}.Debug|Any CPU.Build.0 = Debug|Any CPU
		{1A0A2D53-A0E9-4C43-86E1-23B7E17032CD}.Release|Any CPU.ActiveCfg = Release|Any CPU
		{1A0A2D53-A0E9-4C43-86E1-23B7E17032CD}.Release|Any CPU.Build.0 = Release|Any CPU
	EndGlobalSection
	GlobalSection(SolutionProperties) = preSolution
		HideSolutionNode = FALSE
	EndGlobalSection
	GlobalSection(ExtensibilityGlobals) = postSolution
		SolutionGuid = {2C178E7E-7630-46D1-8A3B-C4F6DC12A5C0}
	EndGlobalSection
EndGlobal
